
Microsoft Visual Studio Solution File, Format Version 12.00
# Visual Studio 15
VisualStudioVersion = 15.0.28307.902
MinimumVisualStudioVersion = 10.0.40219.1
Project("{FAE04EC0-301F-11D3-BF4B-00C04F79EFBC}") = "BrawlerClassWrath", "BrawlerClassWrath\BrawlerClassWrath.csproj", "{939F19AB-0A02-4DE4-B9FE-6810B664B27B}"
EndProject
Global
	GlobalSection(SolutionConfigurationPlatforms) = preSolution
		Debug|Any CPU = Debug|Any CPU
		Release|Any CPU = Release|Any CPU
	EndGlobalSection
	GlobalSection(ProjectConfigurationPlatforms) = postSolution
		{939F19AB-0A02-4DE4-B9FE-6810B664B27B}.Debug|Any CPU.ActiveCfg = Debug|Any CPU
		{939F19AB-0A02-4DE4-B9FE-6810B664B27B}.Debug|Any CPU.Build.0 = Debug|Any CPU
		{939F19AB-0A02-4DE4-B9FE-6810B664B27B}.Release|Any CPU.ActiveCfg = Release|Any CPU
		{939F19AB-0A02-4DE4-B9FE-6810B664B27B}.Release|Any CPU.Build.0 = Release|Any CPU
	EndGlobalSection
	GlobalSection(SolutionProperties) = preSolution
		HideSolutionNode = FALSE
	EndGlobalSection
	GlobalSection(ExtensibilityGlobals) = postSolution
		SolutionGuid = {A3916E59-C3BC-4008-A0EE-E08A47029ACB}
	EndGlobalSection
EndGlobal
